# THIS IS AN AUTOGENERATED FILE. DO NOT EDIT THIS FILE DIRECTLY.
# yarn lockfile v1


"@apollo/protobufjs@1.2.6":
  version "1.2.6"
  resolved "https://registry.yarnpkg.com/@apollo/protobufjs/-/protobufjs-1.2.6.tgz#d601e65211e06ae1432bf5993a1a0105f2862f27"
  dependencies:
    "@protobufjs/aspromise" "^1.1.2"
    "@protobufjs/base64" "^1.1.2"
    "@protobufjs/codegen" "^2.0.4"
    "@protobufjs/eventemitter" "^1.1.0"
    "@protobufjs/fetch" "^1.1.0"
    "@protobufjs/float" "^1.0.2"
    "@protobufjs/inquire" "^1.1.0"
    "@protobufjs/path" "^1.1.2"
    "@protobufjs/pool" "^1.1.0"
    "@protobufjs/utf8" "^1.1.0"
    "@types/long" "^4.0.0"
    "@types/node" "^10.1.0"
    long "^4.0.0"

"@apollo/protobufjs@1.2.7":
  version "1.2.7"
  resolved "https://registry.yarnpkg.com/@apollo/protobufjs/-/protobufjs-1.2.7.tgz#3a8675512817e4a046a897e5f4f16415f16a7d8a"
  dependencies:
    "@protobufjs/aspromise" "^1.1.2"
    "@protobufjs/base64" "^1.1.2"
    "@protobufjs/codegen" "^2.0.4"
    "@protobufjs/eventemitter" "^1.1.0"
    "@protobufjs/fetch" "^1.1.0"
    "@protobufjs/float" "^1.0.2"
    "@protobufjs/inquire" "^1.1.0"
    "@protobufjs/path" "^1.1.2"
    "@protobufjs/pool" "^1.1.0"
    "@protobufjs/utf8" "^1.1.0"
    "@types/long" "^4.0.0"
    long "^4.0.0"

"@apollo/usage-reporting-protobuf@^4.0.0":
  version "4.0.2"
  resolved "https://registry.yarnpkg.com/@apollo/usage-reporting-protobuf/-/usage-reporting-protobuf-4.0.2.tgz#a83db2cbb605b631960ebb1a336b4293d4857a02"
  dependencies:
    "@apollo/protobufjs" "1.2.7"

"@apollo/utils.dropunuseddefinitions@^1.1.0":
  version "1.1.0"
  resolved "https://registry.yarnpkg.com/@apollo/utils.dropunuseddefinitions/-/utils.dropunuseddefinitions-1.1.0.tgz#02b04006442eaf037f4c4624146b12775d70d929"

"@apollo/utils.keyvaluecache@^1.0.1":
  version "1.0.1"
  resolved "https://registry.yarnpkg.com/@apollo/utils.keyvaluecache/-/utils.keyvaluecache-1.0.1.tgz#46f310f859067efe9fa126156c6954f8381080d2"
  dependencies:
    "@apollo/utils.logger" "^1.0.0"
    lru-cache "^7.10.1"

"@apollo/utils.logger@^1.0.0":
  version "1.0.1"
  resolved "https://registry.yarnpkg.com/@apollo/utils.logger/-/utils.logger-1.0.1.tgz#aea0d1bb7ceb237f506c6bbf38f10a555b99a695"

"@apollo/utils.printwithreducedwhitespace@^1.1.0":
  version "1.1.0"
  resolved "https://registry.yarnpkg.com/@apollo/utils.printwithreducedwhitespace/-/utils.printwithreducedwhitespace-1.1.0.tgz#c466299a4766eef8577a2a64c8f27712e8bd7e30"

"@apollo/utils.removealiases@1.0.0":
  version "1.0.0"
  resolved "https://registry.yarnpkg.com/@apollo/utils.removealiases/-/utils.removealiases-1.0.0.tgz#75f6d83098af1fcae2d3beb4f515ad4a8452a8c1"

"@apollo/utils.sortast@^1.1.0":
  version "1.1.0"
  resolved "https://registry.yarnpkg.com/@apollo/utils.sortast/-/utils.sortast-1.1.0.tgz#93218c7008daf3e2a0725196085a33f5aab5ad07"
  dependencies:
    lodash.sortby "^4.7.0"

"@apollo/utils.stripsensitiveliterals@^1.2.0":
  version "1.2.0"
  resolved "https://registry.yarnpkg.com/@apollo/utils.stripsensitiveliterals/-/utils.stripsensitiveliterals-1.2.0.tgz#4920651f36beee8e260e12031a0c5863ad0c7b28"

"@apollo/utils.usagereporting@^1.0.0":
  version "1.0.1"
  resolved "https://registry.yarnpkg.com/@apollo/utils.usagereporting/-/utils.usagereporting-1.0.1.tgz#3c70b49e554771659576fe35381c7a4b321d27fd"
  dependencies:
    "@apollo/usage-reporting-protobuf" "^4.0.0"
    "@apollo/utils.dropunuseddefinitions" "^1.1.0"
    "@apollo/utils.printwithreducedwhitespace" "^1.1.0"
    "@apollo/utils.removealiases" "1.0.0"
    "@apollo/utils.sortast" "^1.1.0"
    "@apollo/utils.stripsensitiveliterals" "^1.2.0"

"@apollographql/apollo-tools@^0.5.3":
  version "0.5.4"
  resolved "https://registry.yarnpkg.com/@apollographql/apollo-tools/-/apollo-tools-0.5.4.tgz#cb3998c6cf12e494b90c733f44dd9935e2d8196c"

"@apollographql/graphql-playground-html@1.6.29":
  version "1.6.29"
  resolved "https://registry.yarnpkg.com/@apollographql/graphql-playground-html/-/graphql-playground-html-1.6.29.tgz#a7a646614a255f62e10dcf64a7f68ead41dec453"
  dependencies:
    xss "^1.0.8"

"@graphql-tools/merge@8.3.1":
  version "8.3.1"
  resolved "https://registry.yarnpkg.com/@graphql-tools/merge/-/merge-8.3.1.tgz#06121942ad28982a14635dbc87b5d488a041d722"
  dependencies:
    "@graphql-tools/utils" "8.9.0"
    tslib "^2.4.0"

"@graphql-tools/merge@8.3.12":
  version "8.3.12"
  resolved "https://registry.yarnpkg.com/@graphql-tools/merge/-/merge-8.3.12.tgz#e3f2e5d8a7b34fb689cda66799d845cbc919e464"
  dependencies:
    "@graphql-tools/utils" "9.1.1"
    tslib "^2.4.0"

"@graphql-tools/mock@^8.1.2":
  version "8.7.12"
  resolved "https://registry.yarnpkg.com/@graphql-tools/mock/-/mock-8.7.12.tgz#ac6b5eb1460d74bfc156a1bebec713d39228bbb2"
  dependencies:
    "@graphql-tools/schema" "9.0.10"
    "@graphql-tools/utils" "9.1.1"
    fast-json-stable-stringify "^2.1.0"
    tslib "^2.4.0"

"@graphql-tools/schema@9.0.10":
  version "9.0.10"
  resolved "https://registry.yarnpkg.com/@graphql-tools/schema/-/schema-9.0.10.tgz#77ba3dfab241f0232dc0d3ba03201663b63714e2"
  dependencies:
    "@graphql-tools/merge" "8.3.12"
    "@graphql-tools/utils" "9.1.1"
    tslib "^2.4.0"
    value-or-promise "1.0.11"

"@graphql-tools/schema@^8.0.0":
  version "8.5.1"
  resolved "https://registry.yarnpkg.com/@graphql-tools/schema/-/schema-8.5.1.tgz#c2f2ff1448380919a330312399c9471db2580b58"
  dependencies:
    "@graphql-tools/merge" "8.3.1"
    "@graphql-tools/utils" "8.9.0"
    tslib "^2.4.0"
    value-or-promise "1.0.11"

"@graphql-tools/utils@8.9.0":
  version "8.9.0"
  resolved "https://registry.yarnpkg.com/@graphql-tools/utils/-/utils-8.9.0.tgz#c6aa5f651c9c99e1aca55510af21b56ec296cdb7"
  dependencies:
    tslib "^2.4.0"

"@graphql-tools/utils@9.1.1":
  version "9.1.1"
  resolved "https://registry.yarnpkg.com/@graphql-tools/utils/-/utils-9.1.1.tgz#b47ea8f0d18c038c5c1c429e72caa5c25039fbab"
  dependencies:
    tslib "^2.4.0"

"@josephg/resolvable@^1.0.0":
  version "1.0.1"
  resolved "https://registry.yarnpkg.com/@josephg/resolvable/-/resolvable-1.0.1.tgz#69bc4db754d79e1a2f17a650d3466e038d94a5eb"

"@protobufjs/aspromise@^1.1.1", "@protobufjs/aspromise@^1.1.2":
  version "1.1.2"
  resolved "https://registry.yarnpkg.com/@protobufjs/aspromise/-/aspromise-1.1.2.tgz#9b8b0cc663d669a7d8f6f5d0893a14d348f30fbf"

"@protobufjs/base64@^1.1.2":
  version "1.1.2"
  resolved "https://registry.yarnpkg.com/@protobufjs/base64/-/base64-1.1.2.tgz#4c85730e59b9a1f1f349047dbf24296034bb2735"

"@protobufjs/codegen@^2.0.4":
  version "2.0.4"
  resolved "https://registry.yarnpkg.com/@protobufjs/codegen/-/codegen-2.0.4.tgz#7ef37f0d010fb028ad1ad59722e506d9262815cb"

"@protobufjs/eventemitter@^1.1.0":
  version "1.1.0"
  resolved "https://registry.yarnpkg.com/@protobufjs/eventemitter/-/eventemitter-1.1.0.tgz#355cbc98bafad5978f9ed095f397621f1d066b70"

"@protobufjs/fetch@^1.1.0":
  version "1.1.0"
  resolved "https://registry.yarnpkg.com/@protobufjs/fetch/-/fetch-1.1.0.tgz#ba99fb598614af65700c1619ff06d454b0d84c45"
  dependencies:
    "@protobufjs/aspromise" "^1.1.1"
    "@protobufjs/inquire" "^1.1.0"

"@protobufjs/float@^1.0.2":
  version "1.0.2"
  resolved "https://registry.yarnpkg.com/@protobufjs/float/-/float-1.0.2.tgz#5e9e1abdcb73fc0a7cb8b291df78c8cbd97b87d1"

"@protobufjs/inquire@^1.1.0":
  version "1.1.0"
  resolved "https://registry.yarnpkg.com/@protobufjs/inquire/-/inquire-1.1.0.tgz#ff200e3e7cf2429e2dcafc1140828e8cc638f089"

"@protobufjs/path@^1.1.2":
  version "1.1.2"
  resolved "https://registry.yarnpkg.com/@protobufjs/path/-/path-1.1.2.tgz#6cc2b20c5c9ad6ad0dccfd21ca7673d8d7fbf68d"

"@protobufjs/pool@^1.1.0":
  version "1.1.0"
  resolved "https://registry.yarnpkg.com/@protobufjs/pool/-/pool-1.1.0.tgz#09fd15f2d6d3abfa9b65bc366506d6ad7846ff54"

"@protobufjs/utf8@^1.1.0":
  version "1.1.0"
  resolved "https://registry.yarnpkg.com/@protobufjs/utf8/-/utf8-1.1.0.tgz#a777360b5b39a1a2e5106f8e858f2fd2d060c570"

"@types/accepts@^1.3.5":
  version "1.3.5"
  resolved "https://registry.npmjs.org/@types/accepts/-/accepts-1.3.5.tgz"
  dependencies:
    "@types/node" "*"

"@types/aws-lambda@^8.10.76":
  version "8.10.102"
  resolved "https://registry.npmjs.org/@types/aws-lambda/-/aws-lambda-8.10.102.tgz"

"@types/body-parser@*", "@types/body-parser@1.19.2":
  version "1.19.2"
  resolved "https://registry.npmjs.org/@types/body-parser/-/body-parser-1.19.2.tgz"
  dependencies:
    "@types/connect" "*"
    "@types/node" "*"

"@types/connect@*":
  version "3.4.35"
  resolved "https://registry.npmjs.org/@types/connect/-/connect-3.4.35.tgz"
  dependencies:
    "@types/node" "*"

"@types/cors@2.8.12":
  version "2.8.12"
  resolved "https://registry.npmjs.org/@types/cors/-/cors-2.8.12.tgz"

"@types/express-serve-static-core@4.17.30", "@types/express-serve-static-core@^4.17.18":
  version "4.17.30"
  resolved "https://registry.npmjs.org/@types/express-serve-static-core/-/express-serve-static-core-4.17.30.tgz"
  dependencies:
    "@types/node" "*"
    "@types/qs" "*"
    "@types/range-parser" "*"

"@types/express@4.17.13":
  version "4.17.13"
  resolved "https://registry.npmjs.org/@types/express/-/express-4.17.13.tgz"
  dependencies:
    "@types/body-parser" "*"
    "@types/express-serve-static-core" "^4.17.18"
    "@types/qs" "*"
    "@types/serve-static" "*"

"@types/long@^4.0.0":
  version "4.0.2"
  resolved "https://registry.yarnpkg.com/@types/long/-/long-4.0.2.tgz#b74129719fc8d11c01868010082d483b7545591a"

"@types/mime@*":
  version "3.0.1"
  resolved "https://registry.npmjs.org/@types/mime/-/mime-3.0.1.tgz"

"@types/node@*", "@types/node@^10.1.0":
  version "10.17.60"
  resolved "https://registry.npmjs.org/@types/node/-/node-10.17.60.tgz"

"@types/qs@*":
  version "6.9.7"
  resolved "https://registry.npmjs.org/@types/qs/-/qs-6.9.7.tgz"

"@types/range-parser@*":
  version "1.2.4"
  resolved "https://registry.npmjs.org/@types/range-parser/-/range-parser-1.2.4.tgz"

"@types/serve-static@*":
  version "1.15.0"
  resolved "https://registry.npmjs.org/@types/serve-static/-/serve-static-1.15.0.tgz"
  dependencies:
    "@types/mime" "*"
    "@types/node" "*"

"@vendia/serverless-express@^4.3.9":
  version "4.10.1"
  resolved "https://registry.npmjs.org/@vendia/serverless-express/-/serverless-express-4.10.1.tgz"

accepts@^1.3.5, accepts@~1.3.8:
  version "1.3.8"
  resolved "https://registry.npmjs.org/accepts/-/accepts-1.3.8.tgz"
  dependencies:
    mime-types "~2.1.34"
    negotiator "0.6.3"

ansi-align@^3.0.0:
  version "3.0.1"
  resolved "https://registry.npmjs.org/ansi-align/-/ansi-align-3.0.1.tgz"
  dependencies:
    string-width "^4.1.0"

ansi-regex@^5.0.1:
  version "5.0.1"
  resolved "https://registry.npmjs.org/ansi-regex/-/ansi-regex-5.0.1.tgz"

ansi-styles@^4.0.0, ansi-styles@^4.1.0:
  version "4.3.0"
  resolved "https://registry.npmjs.org/ansi-styles/-/ansi-styles-4.3.0.tgz"
  dependencies:
    color-convert "^2.0.1"

apollo-datasource@^3.3.2:
  version "3.3.2"
  resolved "https://registry.yarnpkg.com/apollo-datasource/-/apollo-datasource-3.3.2.tgz#5711f8b38d4b7b53fb788cb4dbd4a6a526ea74c8"
  dependencies:
    "@apollo/utils.keyvaluecache" "^1.0.1"
    apollo-server-env "^4.2.1"

apollo-reporting-protobuf@^3.3.3:
  version "3.3.3"
  resolved "https://registry.yarnpkg.com/apollo-reporting-protobuf/-/apollo-reporting-protobuf-3.3.3.tgz#df2b7ff73422cd682af3f1805d32301aefdd9e89"
  dependencies:
    "@apollo/protobufjs" "1.2.6"

apollo-server-core@^3.10.2:
  version "3.11.1"
  resolved "https://registry.yarnpkg.com/apollo-server-core/-/apollo-server-core-3.11.1.tgz#89d83aeaa71a59f760ebfa35bb0cbd31e15474ca"
  dependencies:
    "@apollo/utils.keyvaluecache" "^1.0.1"
    "@apollo/utils.logger" "^1.0.0"
    "@apollo/utils.usagereporting" "^1.0.0"
    "@apollographql/apollo-tools" "^0.5.3"
    "@apollographql/graphql-playground-html" "1.6.29"
    "@graphql-tools/mock" "^8.1.2"
    "@graphql-tools/schema" "^8.0.0"
    "@josephg/resolvable" "^1.0.0"
    apollo-datasource "^3.3.2"
    apollo-reporting-protobuf "^3.3.3"
    apollo-server-env "^4.2.1"
    apollo-server-errors "^3.3.1"
    apollo-server-plugin-base "^3.7.1"
    apollo-server-types "^3.7.1"
    async-retry "^1.2.1"
    fast-json-stable-stringify "^2.1.0"
    graphql-tag "^2.11.0"
    loglevel "^1.6.8"
    lru-cache "^6.0.0"
    node-abort-controller "^3.0.1"
    sha.js "^2.4.11"
    uuid "^9.0.0"
    whatwg-mimetype "^3.0.0"

apollo-server-env@^4.2.1:
  version "4.2.1"
  resolved "https://registry.yarnpkg.com/apollo-server-env/-/apollo-server-env-4.2.1.tgz#ea5b1944accdbdba311f179e4dfaeca482c20185"
  dependencies:
    node-fetch "^2.6.7"

apollo-server-errors@^3.3.1:
  version "3.3.1"
  resolved "https://registry.yarnpkg.com/apollo-server-errors/-/apollo-server-errors-3.3.1.tgz#ba5c00cdaa33d4cbd09779f8cb6f47475d1cd655"

apollo-server-express@^3.10.2:
  version "3.10.2"
  resolved "https://registry.npmjs.org/apollo-server-express/-/apollo-server-express-3.10.2.tgz"
  dependencies:
    "@types/accepts" "^1.3.5"
    "@types/body-parser" "1.19.2"
    "@types/cors" "2.8.12"
    "@types/express" "4.17.13"
    "@types/express-serve-static-core" "4.17.30"
    accepts "^1.3.5"
    apollo-server-core "^3.10.2"
    apollo-server-types "^3.6.2"
    body-parser "^1.19.0"
    cors "^2.8.5"
    parseurl "^1.3.3"

apollo-server-lambda@3.10.2:
  version "3.10.2"
  resolved "https://registry.npmjs.org/apollo-server-lambda/-/apollo-server-lambda-3.10.2.tgz"
  dependencies:
    "@types/aws-lambda" "^8.10.76"
    "@vendia/serverless-express" "^4.3.9"
    apollo-server-core "^3.10.2"
    apollo-server-express "^3.10.2"
    express "^4.17.1"

apollo-server-plugin-base@^3.7.1:
  version "3.7.1"
  resolved "https://registry.yarnpkg.com/apollo-server-plugin-base/-/apollo-server-plugin-base-3.7.1.tgz#aa78ef49bd114e35906ca9cf7493fed2664cbde8"
  dependencies:
    apollo-server-types "^3.7.1"

apollo-server-types@^3.6.2, apollo-server-types@^3.7.1:
  version "3.7.1"
  resolved "https://registry.yarnpkg.com/apollo-server-types/-/apollo-server-types-3.7.1.tgz#87adfcb52ec0893999a9cfafd5474bfda7ab0798"
  dependencies:
    "@apollo/utils.keyvaluecache" "^1.0.1"
    "@apollo/utils.logger" "^1.0.0"
    apollo-reporting-protobuf "^3.3.3"
    apollo-server-env "^4.2.1"

array-flatten@1.1.1:
  version "1.1.1"
  resolved "https://registry.npmjs.org/array-flatten/-/array-flatten-1.1.1.tgz"

async-retry@^1.2.1:
  version "1.3.3"
  resolved "https://registry.yarnpkg.com/async-retry/-/async-retry-1.3.3.tgz#0e7f36c04d8478e7a58bdbed80cedf977785f280"
  dependencies:
    retry "0.13.1"

base64-js@^1.2.0:
  version "1.5.1"
  resolved "https://registry.npmjs.org/base64-js/-/base64-js-1.5.1.tgz"

body-parser@1.20.0, body-parser@^1.19.0:
  version "1.20.0"
  resolved "https://registry.npmjs.org/body-parser/-/body-parser-1.20.0.tgz"
  dependencies:
    bytes "3.1.2"
    content-type "~1.0.4"
    debug "2.6.9"
    depd "2.0.0"
    destroy "1.2.0"
    http-errors "2.0.0"
    iconv-lite "0.4.24"
    on-finished "2.4.1"
    qs "6.10.3"
    raw-body "2.5.1"
    type-is "~1.6.18"
    unpipe "1.0.0"

boxen@^5.0.1:
  version "5.1.2"
  resolved "https://registry.npmjs.org/boxen/-/boxen-5.1.2.tgz"
  dependencies:
    ansi-align "^3.0.0"
    camelcase "^6.2.0"
    chalk "^4.1.0"
    cli-boxes "^2.2.1"
    string-width "^4.2.2"
    type-fest "^0.20.2"
    widest-line "^3.1.0"
    wrap-ansi "^7.0.0"

btoa-lite@^1.0.0:
  version "1.0.0"
  resolved "https://registry.npmjs.org/btoa-lite/-/btoa-lite-1.0.0.tgz"

bytes@3.1.2:
  version "3.1.2"
  resolved "https://registry.npmjs.org/bytes/-/bytes-3.1.2.tgz"

call-bind@^1.0.0:
  version "1.0.2"
  resolved "https://registry.npmjs.org/call-bind/-/call-bind-1.0.2.tgz"
  dependencies:
    function-bind "^1.1.1"
    get-intrinsic "^1.0.2"

camelcase@^6.2.0:
  version "6.3.0"
  resolved "https://registry.npmjs.org/camelcase/-/camelcase-6.3.0.tgz"

chalk@^4.1.0, chalk@^4.1.1:
  version "4.1.2"
  resolved "https://registry.npmjs.org/chalk/-/chalk-4.1.2.tgz"
  dependencies:
    ansi-styles "^4.1.0"
    supports-color "^7.1.0"

cli-boxes@^2.2.1:
  version "2.2.1"
  resolved "https://registry.npmjs.org/cli-boxes/-/cli-boxes-2.2.1.tgz"

color-convert@^2.0.1:
  version "2.0.1"
  resolved "https://registry.npmjs.org/color-convert/-/color-convert-2.0.1.tgz"
  dependencies:
    color-name "~1.1.4"

color-name@~1.1.4:
  version "1.1.4"
  resolved "https://registry.npmjs.org/color-name/-/color-name-1.1.4.tgz"

commander@^2.20.3:
  version "2.20.3"
  resolved "https://registry.yarnpkg.com/commander/-/commander-2.20.3.tgz#fd485e84c03eb4881c20722ba48035e8531aeb33"

content-disposition@0.5.4:
  version "0.5.4"
  resolved "https://registry.npmjs.org/content-disposition/-/content-disposition-0.5.4.tgz"
  dependencies:
    safe-buffer "5.2.1"

content-type@~1.0.4:
  version "1.0.4"
  resolved "https://registry.npmjs.org/content-type/-/content-type-1.0.4.tgz"

cookie-signature@1.0.6:
  version "1.0.6"
  resolved "https://registry.npmjs.org/cookie-signature/-/cookie-signature-1.0.6.tgz"

cookie@0.5.0:
  version "0.5.0"
  resolved "https://registry.npmjs.org/cookie/-/cookie-0.5.0.tgz"

cors@^2.8.5:
  version "2.8.5"
  resolved "https://registry.npmjs.org/cors/-/cors-2.8.5.tgz"
  dependencies:
    object-assign "^4"
    vary "^1"

cross-fetch@^3.1.5:
  version "3.1.5"
  resolved "https://registry.npmjs.org/cross-fetch/-/cross-fetch-3.1.5.tgz"
  dependencies:
    node-fetch "2.6.7"

cssfilter@0.0.10:
  version "0.0.10"
  resolved "https://registry.yarnpkg.com/cssfilter/-/cssfilter-0.0.10.tgz#c6d2672632a2e5c83e013e6864a42ce8defd20ae"

debug@2.6.9:
  version "2.6.9"
  resolved "https://registry.npmjs.org/debug/-/debug-2.6.9.tgz"
  dependencies:
    ms "2.0.0"

depd@2.0.0:
  version "2.0.0"
  resolved "https://registry.npmjs.org/depd/-/depd-2.0.0.tgz"

destroy@1.2.0:
  version "1.2.0"
  resolved "https://registry.npmjs.org/destroy/-/destroy-1.2.0.tgz"

dotenv@16.0.1:
  version "16.0.1"
  resolved "https://registry.npmjs.org/dotenv/-/dotenv-16.0.1.tgz"

dotenv@^8.2.0:
  version "8.6.0"
  resolved "https://registry.npmjs.org/dotenv/-/dotenv-8.6.0.tgz"

ee-first@1.1.1:
  version "1.1.1"
  resolved "https://registry.npmjs.org/ee-first/-/ee-first-1.1.1.tgz"

emoji-regex@^8.0.0:
  version "8.0.0"
  resolved "https://registry.npmjs.org/emoji-regex/-/emoji-regex-8.0.0.tgz"

encodeurl@~1.0.2:
  version "1.0.2"
  resolved "https://registry.npmjs.org/encodeurl/-/encodeurl-1.0.2.tgz"

escape-html@~1.0.3:
  version "1.0.3"
  resolved "https://registry.npmjs.org/escape-html/-/escape-html-1.0.3.tgz"

etag@~1.8.1:
  version "1.8.1"
  resolved "https://registry.npmjs.org/etag/-/etag-1.8.1.tgz"

express@^4.17.1:
  version "4.18.1"
  resolved "https://registry.npmjs.org/express/-/express-4.18.1.tgz"
  dependencies:
    accepts "~1.3.8"
    array-flatten "1.1.1"
    body-parser "1.20.0"
    content-disposition "0.5.4"
    content-type "~1.0.4"
    cookie "0.5.0"
    cookie-signature "1.0.6"
    debug "2.6.9"
    depd "2.0.0"
    encodeurl "~1.0.2"
    escape-html "~1.0.3"
    etag "~1.8.1"
    finalhandler "1.2.0"
    fresh "0.5.2"
    http-errors "2.0.0"
    merge-descriptors "1.0.1"
    methods "~1.1.2"
    on-finished "2.4.1"
    parseurl "~1.3.3"
    path-to-regexp "0.1.7"
    proxy-addr "~2.0.7"
    qs "6.10.3"
    range-parser "~1.2.1"
    safe-buffer "5.2.1"
    send "0.18.0"
    serve-static "1.15.0"
    setprototypeof "1.2.0"
    statuses "2.0.1"
    type-is "~1.6.18"
    utils-merge "1.0.1"
    vary "~1.1.2"

fast-json-stable-stringify@^2.1.0:
  version "2.1.0"
  resolved "https://registry.yarnpkg.com/fast-json-stable-stringify/-/fast-json-stable-stringify-2.1.0.tgz#874bf69c6f404c2b5d99c481341399fd55892633"

faunadb@4.6.0:
  version "4.6.0"
  resolved "https://registry.npmjs.org/faunadb/-/faunadb-4.6.0.tgz"
  dependencies:
    base64-js "^1.2.0"
    boxen "^5.0.1"
    btoa-lite "^1.0.0"
    chalk "^4.1.1"
    cross-fetch "^3.1.5"
    dotenv "^8.2.0"
    fn-annotate "^1.1.3"
    node-abort-controller "^3.0.1"
    object-assign "^4.1.0"
    util-deprecate "^1.0.2"

finalhandler@1.2.0:
  version "1.2.0"
  resolved "https://registry.npmjs.org/finalhandler/-/finalhandler-1.2.0.tgz"
  dependencies:
    debug "2.6.9"
    encodeurl "~1.0.2"
    escape-html "~1.0.3"
    on-finished "2.4.1"
    parseurl "~1.3.3"
    statuses "2.0.1"
    unpipe "~1.0.0"

fn-annotate@^1.1.3:
  version "1.2.0"
  resolved "https://registry.npmjs.org/fn-annotate/-/fn-annotate-1.2.0.tgz"

forwarded@0.2.0:
  version "0.2.0"
  resolved "https://registry.npmjs.org/forwarded/-/forwarded-0.2.0.tgz"

fresh@0.5.2:
  version "0.5.2"
  resolved "https://registry.npmjs.org/fresh/-/fresh-0.5.2.tgz"

function-bind@^1.1.1:
  version "1.1.1"
  resolved "https://registry.npmjs.org/function-bind/-/function-bind-1.1.1.tgz"

get-intrinsic@^1.0.2:
  version "1.1.2"
  resolved "https://registry.npmjs.org/get-intrinsic/-/get-intrinsic-1.1.2.tgz"
  dependencies:
    function-bind "^1.1.1"
    has "^1.0.3"
    has-symbols "^1.0.3"

graphql-tag@^2.11.0:
  version "2.12.6"
  resolved "https://registry.yarnpkg.com/graphql-tag/-/graphql-tag-2.12.6.tgz#d441a569c1d2537ef10ca3d1633b48725329b5f1"
  dependencies:
    tslib "^2.1.0"

graphql@16.6.0:
  version "16.6.0"
  resolved "https://registry.npmjs.org/graphql/-/graphql-16.6.0.tgz"

has-flag@^4.0.0:
  version "4.0.0"
  resolved "https://registry.npmjs.org/has-flag/-/has-flag-4.0.0.tgz"

has-symbols@^1.0.3:
  version "1.0.3"
  resolved "https://registry.npmjs.org/has-symbols/-/has-symbols-1.0.3.tgz"

has@^1.0.3:
  version "1.0.3"
  resolved "https://registry.npmjs.org/has/-/has-1.0.3.tgz"
  dependencies:
    function-bind "^1.1.1"

http-errors@2.0.0:
  version "2.0.0"
  resolved "https://registry.npmjs.org/http-errors/-/http-errors-2.0.0.tgz"
  dependencies:
    depd "2.0.0"
    inherits "2.0.4"
    setprototypeof "1.2.0"
    statuses "2.0.1"
    toidentifier "1.0.1"

iconv-lite@0.4.24:
  version "0.4.24"
  resolved "https://registry.npmjs.org/iconv-lite/-/iconv-lite-0.4.24.tgz"
  dependencies:
    safer-buffer ">= 2.1.2 < 3"

inherits@2.0.4, inherits@^2.0.1:
  version "2.0.4"
  resolved "https://registry.yarnpkg.com/inherits/-/inherits-2.0.4.tgz#0fa2c64f932917c3433a0ded55363aae37416b7c"

ipaddr.js@1.9.1:
  version "1.9.1"
  resolved "https://registry.npmjs.org/ipaddr.js/-/ipaddr.js-1.9.1.tgz"

is-fullwidth-code-point@^3.0.0:
  version "3.0.0"
  resolved "https://registry.npmjs.org/is-fullwidth-code-point/-/is-fullwidth-code-point-3.0.0.tgz"

lodash.sortby@^4.7.0:
  version "4.7.0"
  resolved "https://registry.yarnpkg.com/lodash.sortby/-/lodash.sortby-4.7.0.tgz#edd14c824e2cc9c1e0b0a1b42bb5210516a42438"

loglevel@^1.6.8:
  version "1.8.1"
  resolved "https://registry.yarnpkg.com/loglevel/-/loglevel-1.8.1.tgz#5c621f83d5b48c54ae93b6156353f555963377b4"

long@^4.0.0:
  version "4.0.0"
  resolved "https://registry.yarnpkg.com/long/-/long-4.0.0.tgz#9a7b71cfb7d361a194ea555241c92f7468d5bf28"

lru-cache@^6.0.0:
  version "6.0.0"
  resolved "https://registry.yarnpkg.com/lru-cache/-/lru-cache-6.0.0.tgz#6d6fe6570ebd96aaf90fcad1dafa3b2566db3a94"
  dependencies:
    yallist "^4.0.0"

lru-cache@^7.10.1:
  version "7.14.1"
  resolved "https://registry.yarnpkg.com/lru-cache/-/lru-cache-7.14.1.tgz#8da8d2f5f59827edb388e63e459ac23d6d408fea"

media-typer@0.3.0:
  version "0.3.0"
  resolved "https://registry.npmjs.org/media-typer/-/media-typer-0.3.0.tgz"

merge-descriptors@1.0.1:
  version "1.0.1"
  resolved "https://registry.npmjs.org/merge-descriptors/-/merge-descriptors-1.0.1.tgz"

methods@~1.1.2:
  version "1.1.2"
  resolved "https://registry.npmjs.org/methods/-/methods-1.1.2.tgz"

mime-db@1.52.0:
  version "1.52.0"
  resolved "https://registry.npmjs.org/mime-db/-/mime-db-1.52.0.tgz"

mime-types@~2.1.24, mime-types@~2.1.34:
  version "2.1.35"
  resolved "https://registry.npmjs.org/mime-types/-/mime-types-2.1.35.tgz"
  dependencies:
    mime-db "1.52.0"

mime@1.6.0:
  version "1.6.0"
  resolved "https://registry.npmjs.org/mime/-/mime-1.6.0.tgz"

ms@2.0.0:
  version "2.0.0"
  resolved "https://registry.npmjs.org/ms/-/ms-2.0.0.tgz"

ms@2.1.3:
  version "2.1.3"
  resolved "https://registry.npmjs.org/ms/-/ms-2.1.3.tgz"

negotiator@0.6.3:
  version "0.6.3"
  resolved "https://registry.npmjs.org/negotiator/-/negotiator-0.6.3.tgz"

node-abort-controller@^3.0.1:
  version "3.0.1"
  resolved "https://registry.yarnpkg.com/node-abort-controller/-/node-abort-controller-3.0.1.tgz#f91fa50b1dee3f909afabb7e261b1e1d6b0cb74e"

node-fetch@2.6.7, node-fetch@^2.6.7:
  version "2.6.7"
  resolved "https://registry.yarnpkg.com/node-fetch/-/node-fetch-2.6.7.tgz#24de9fba827e3b4ae44dc8b20256a379160052ad"
  dependencies:
    whatwg-url "^5.0.0"

object-assign@^4, object-assign@^4.1.0:
  version "4.1.1"
  resolved "https://registry.npmjs.org/object-assign/-/object-assign-4.1.1.tgz"

object-inspect@^1.9.0:
  version "1.12.2"
  resolved "https://registry.npmjs.org/object-inspect/-/object-inspect-1.12.2.tgz"

on-finished@2.4.1:
  version "2.4.1"
  resolved "https://registry.npmjs.org/on-finished/-/on-finished-2.4.1.tgz"
  dependencies:
    ee-first "1.1.1"

parseurl@^1.3.3, parseurl@~1.3.3:
  version "1.3.3"
  resolved "https://registry.npmjs.org/parseurl/-/parseurl-1.3.3.tgz"

path-to-regexp@0.1.7:
  version "0.1.7"
  resolved "https://registry.npmjs.org/path-to-regexp/-/path-to-regexp-0.1.7.tgz"

proxy-addr@~2.0.7:
  version "2.0.7"
  resolved "https://registry.npmjs.org/proxy-addr/-/proxy-addr-2.0.7.tgz"
  dependencies:
    forwarded "0.2.0"
    ipaddr.js "1.9.1"

qs@6.10.3:
  version "6.10.3"
  resolved "https://registry.npmjs.org/qs/-/qs-6.10.3.tgz"
  dependencies:
    side-channel "^1.0.4"

range-parser@~1.2.1:
  version "1.2.1"
  resolved "https://registry.npmjs.org/range-parser/-/range-parser-1.2.1.tgz"

raw-body@2.5.1:
  version "2.5.1"
  resolved "https://registry.npmjs.org/raw-body/-/raw-body-2.5.1.tgz"
  dependencies:
    bytes "3.1.2"
    http-errors "2.0.0"
    iconv-lite "0.4.24"
    unpipe "1.0.0"

retry@0.13.1:
  version "0.13.1"
  resolved "https://registry.yarnpkg.com/retry/-/retry-0.13.1.tgz#185b1587acf67919d63b357349e03537b2484658"

safe-buffer@5.2.1, safe-buffer@^5.0.1:
  version "5.2.1"
  resolved "https://registry.npmjs.org/safe-buffer/-/safe-buffer-5.2.1.tgz"

"safer-buffer@>= 2.1.2 < 3":
  version "2.1.2"
  resolved "https://registry.npmjs.org/safer-buffer/-/safer-buffer-2.1.2.tgz"

send@0.18.0:
  version "0.18.0"
  resolved "https://registry.npmjs.org/send/-/send-0.18.0.tgz"
  dependencies:
    debug "2.6.9"
    depd "2.0.0"
    destroy "1.2.0"
    encodeurl "~1.0.2"
    escape-html "~1.0.3"
    etag "~1.8.1"
    fresh "0.5.2"
    http-errors "2.0.0"
    mime "1.6.0"
    ms "2.1.3"
    on-finished "2.4.1"
    range-parser "~1.2.1"
    statuses "2.0.1"

serve-static@1.15.0:
  version "1.15.0"
  resolved "https://registry.npmjs.org/serve-static/-/serve-static-1.15.0.tgz"
  dependencies:
    encodeurl "~1.0.2"
    escape-html "~1.0.3"
    parseurl "~1.3.3"
    send "0.18.0"

setprototypeof@1.2.0:
  version "1.2.0"
  resolved "https://registry.npmjs.org/setprototypeof/-/setprototypeof-1.2.0.tgz"

sha.js@^2.4.11:
  version "2.4.11"
  resolved "https://registry.yarnpkg.com/sha.js/-/sha.js-2.4.11.tgz#37a5cf0b81ecbc6943de109ba2960d1b26584ae7"
  dependencies:
    inherits "^2.0.1"
    safe-buffer "^5.0.1"

side-channel@^1.0.4:
  version "1.0.4"
  resolved "https://registry.npmjs.org/side-channel/-/side-channel-1.0.4.tgz"
  dependencies:
    call-bind "^1.0.0"
    get-intrinsic "^1.0.2"
    object-inspect "^1.9.0"

statuses@2.0.1:
  version "2.0.1"
  resolved "https://registry.npmjs.org/statuses/-/statuses-2.0.1.tgz"

string-width@^4.0.0, string-width@^4.1.0, string-width@^4.2.2:
  version "4.2.3"
  resolved "https://registry.npmjs.org/string-width/-/string-width-4.2.3.tgz"
  dependencies:
    emoji-regex "^8.0.0"
    is-fullwidth-code-point "^3.0.0"
    strip-ansi "^6.0.1"

strip-ansi@^6.0.0, strip-ansi@^6.0.1:
  version "6.0.1"
  resolved "https://registry.npmjs.org/strip-ansi/-/strip-ansi-6.0.1.tgz"
  dependencies:
    ansi-regex "^5.0.1"

supports-color@^7.1.0:
  version "7.2.0"
  resolved "https://registry.npmjs.org/supports-color/-/supports-color-7.2.0.tgz"
  dependencies:
    has-flag "^4.0.0"

toidentifier@1.0.1:
  version "1.0.1"
  resolved "https://registry.npmjs.org/toidentifier/-/toidentifier-1.0.1.tgz"

tr46@~0.0.3:
  version "0.0.3"
  resolved "https://registry.yarnpkg.com/tr46/-/tr46-0.0.3.tgz#8184fd347dac9cdc185992f3a6622e14b9d9ab6a"

tslib@^2.1.0, tslib@^2.4.0:
  version "2.4.1"
  resolved "https://registry.yarnpkg.com/tslib/-/tslib-2.4.1.tgz#0d0bfbaac2880b91e22df0768e55be9753a5b17e"

type-fest@^0.20.2:
  version "0.20.2"
  resolved "https://registry.npmjs.org/type-fest/-/type-fest-0.20.2.tgz"

type-is@~1.6.18:
  version "1.6.18"
  resolved "https://registry.npmjs.org/type-is/-/type-is-1.6.18.tgz"
  dependencies:
    media-typer "0.3.0"
    mime-types "~2.1.24"

unpipe@1.0.0, unpipe@~1.0.0:
  version "1.0.0"
  resolved "https://registry.npmjs.org/unpipe/-/unpipe-1.0.0.tgz"

util-deprecate@^1.0.2:
  version "1.0.2"
  resolved "https://registry.npmjs.org/util-deprecate/-/util-deprecate-1.0.2.tgz"

utils-merge@1.0.1:
  version "1.0.1"
  resolved "https://registry.npmjs.org/utils-merge/-/utils-merge-1.0.1.tgz"

uuid@^9.0.0:
  version "9.0.0"
  resolved "https://registry.yarnpkg.com/uuid/-/uuid-9.0.0.tgz#592f550650024a38ceb0c562f2f6aa435761efb5"

value-or-promise@1.0.11:
  version "1.0.11"
  resolved "https://registry.yarnpkg.com/value-or-promise/-/value-or-promise-1.0.11.tgz#3e90299af31dd014fe843fe309cefa7c1d94b140"

vary@^1, vary@~1.1.2:
  version "1.1.2"
  resolved "https://registry.npmjs.org/vary/-/vary-1.1.2.tgz"

webidl-conversions@^3.0.0:
  version "3.0.1"
  resolved "https://registry.yarnpkg.com/webidl-conversions/-/webidl-conversions-3.0.1.tgz#24534275e2a7bc6be7bc86611cc16ae0a5654871"

whatwg-mimetype@^3.0.0:
  version "3.0.0"
  resolved "https://registry.yarnpkg.com/whatwg-mimetype/-/whatwg-mimetype-3.0.0.tgz#5fa1a7623867ff1af6ca3dc72ad6b8a4208beba7"

whatwg-url@^5.0.0:
  version "5.0.0"
  resolved "https://registry.yarnpkg.com/whatwg-url/-/whatwg-url-5.0.0.tgz#966454e8765462e37644d3626f6742ce8b70965d"
  dependencies:
    tr46 "~0.0.3"
    webidl-conversions "^3.0.0"

widest-line@^3.1.0:
  version "3.1.0"
  resolved "https://registry.npmjs.org/widest-line/-/widest-line-3.1.0.tgz"
  dependencies:
    string-width "^4.0.0"

wrap-ansi@^7.0.0:
  version "7.0.0"
  resolved "https://registry.npmjs.org/wrap-ansi/-/wrap-ansi-7.0.0.tgz"
  dependencies:
    ansi-styles "^4.0.0"
    string-width "^4.1.0"
    strip-ansi "^6.0.0"

xss@^1.0.8:
  version "1.0.14"
  resolved "https://registry.yarnpkg.com/xss/-/xss-1.0.14.tgz#4f3efbde75ad0d82e9921cc3c95e6590dd336694"
  dependencies:
    commander "^2.20.3"
    cssfilter "0.0.10"

yallist@^4.0.0:
  version "4.0.0"
  resolved "https://registry.yarnpkg.com/yallist/-/yallist-4.0.0.tgz#9bb92790d9c0effec63be73519e11a35019a3a72"
